
Microsoft Visual Studio Solution File, Format Version 12.00
# Visual Studio Version 17
VisualStudioVersion = 17.4.33122.133
MinimumVisualStudioVersion = 10.0.40219.1
Project("{2150E333-8FDC-42A3-9474-1A3956D46DE8}") = "Dominio", "Dominio", "{5ABFC940-D464-4066-8B83-7B600C82F110}"
EndProject
Project("{2150E333-8FDC-42A3-9474-1A3956D46DE8}") = "Api", "Api", "{96B63D68-A03F-4F25-941D-529854EB4A47}"
EndProject
Project("{9A19103F-16F7-4668-BE54-9A1E7A4F7556}") = "Api-quiz", "Api-quiz\Api-quiz.csproj", "{FE3694FE-7E79-4E68-9F46-DA6F4D81126B}"
	ProjectSection(ProjectDependencies) = postProject
		{D27EC156-A41C-4F1A-84EE-A88F8CF362E1} = {D27EC156-A41C-4F1A-84EE-A88F8CF362E1}
	EndProjectSection
EndProject
Project("{9A19103F-16F7-4668-BE54-9A1E7A4F7556}") = "Dominio", "Dominio\Dominio.csproj", "{D27EC156-A41C-4F1A-84EE-A88F8CF362E1}"
EndProject
Project("{2150E333-8FDC-42A3-9474-1A3956D46DE8}") = "Infra", "Infra", "{8F85EA7C-1BE4-4E7B-AEDE-7D37469618D3}"
EndProject
Project("{9A19103F-16F7-4668-BE54-9A1E7A4F7556}") = "Infra", "Infra\Infra.csproj", "{3EECAC0F-01D9-4061-AACE-3413B739ABDB}"
EndProject
Project("{2150E333-8FDC-42A3-9474-1A3956D46DE8}") = "Itens de Solução", "Itens de Solução", "{519AD481-1AAD-44C3-8AD1-32ADA675D935}"
	ProjectSection(SolutionItems) = preProject
		README.md = README.md
	EndProjectSection
EndProject
Project("{2150E333-8FDC-42A3-9474-1A3956D46DE8}") = "Extras", "Extras", "{C1D7EDE7-373B-4F6C-A9B7-63631E50D76C}"
EndProject
Project("{FAE04EC0-301F-11D3-BF4B-00C04F79EFBC}") = "Configuracao", "Configuracao\Configuracao.csproj", "{5D732157-9455-4E35-9DCB-F2F0815CFF6C}"
EndProject
Global
	GlobalSection(SolutionConfigurationPlatforms) = preSolution
		Debug|Any CPU = Debug|Any CPU
		Release|Any CPU = Release|Any CPU
	EndGlobalSection
	GlobalSection(ProjectConfigurationPlatforms) = postSolution
		{FE3694FE-7E79-4E68-9F46-DA6F4D81126B}.Debug|Any CPU.ActiveCfg = Debug|Any CPU
		{FE3694FE-7E79-4E68-9F46-DA6F4D81126B}.Debug|Any CPU.Build.0 = Debug|Any CPU
		{FE3694FE-7E79-4E68-9F46-DA6F4D81126B}.Release|Any CPU.ActiveCfg = Release|Any CPU
		{FE3694FE-7E79-4E68-9F46-DA6F4D81126B}.Release|Any CPU.Build.0 = Release|Any CPU
		{D27EC156-A41C-4F1A-84EE-A88F8CF362E1}.Debug|Any CPU.ActiveCfg = Debug|Any CPU
		{D27EC156-A41C-4F1A-84EE-A88F8CF362E1}.Debug|Any CPU.Build.0 = Debug|Any CPU
		{D27EC156-A41C-4F1A-84EE-A88F8CF362E1}.Release|Any CPU.ActiveCfg = Release|Any CPU
		{D27EC156-A41C-4F1A-84EE-A88F8CF362E1}.Release|Any CPU.Build.0 = Release|Any CPU
		{3EECAC0F-01D9-4061-AACE-3413B739ABDB}.Debug|Any CPU.ActiveCfg = Debug|Any CPU
		{3EECAC0F-01D9-4061-AACE-3413B739ABDB}.Debug|Any CPU.Build.0 = Debug|Any CPU
		{3EECAC0F-01D9-4061-AACE-3413B739ABDB}.Release|Any CPU.ActiveCfg = Release|Any CPU
		{3EECAC0F-01D9-4061-AACE-3413B739ABDB}.Release|Any CPU.Build.0 = Release|Any CPU
		{5D732157-9455-4E35-9DCB-F2F0815CFF6C}.Debug|Any CPU.ActiveCfg = Debug|Any CPU
		{5D732157-9455-4E35-9DCB-F2F0815CFF6C}.Debug|Any CPU.Build.0 = Debug|Any CPU
		{5D732157-9455-4E35-9DCB-F2F0815CFF6C}.Release|Any CPU.ActiveCfg = Release|Any CPU
		{5D732157-9455-4E35-9DCB-F2F0815CFF6C}.Release|Any CPU.Build.0 = Release|Any CPU
	EndGlobalSection
	GlobalSection(SolutionProperties) = preSolution
		HideSolutionNode = FALSE
	EndGlobalSection
	GlobalSection(NestedProjects) = preSolution
		{FE3694FE-7E79-4E68-9F46-DA6F4D81126B} = {96B63D68-A03F-4F25-941D-529854EB4A47}
		{D27EC156-A41C-4F1A-84EE-A88F8CF362E1} = {5ABFC940-D464-4066-8B83-7B600C82F110}
		{3EECAC0F-01D9-4061-AACE-3413B739ABDB} = {8F85EA7C-1BE4-4E7B-AEDE-7D37469618D3}
		{5D732157-9455-4E35-9DCB-F2F0815CFF6C} = {C1D7EDE7-373B-4F6C-A9B7-63631E50D76C}
	EndGlobalSection
	GlobalSection(ExtensibilityGlobals) = postSolution
		SolutionGuid = {C7BDB102-C375-4EE9-BC94-C49E13A85BDF}
	EndGlobalSection
EndGlobal
